// !$*UTF8*$!
{
	archiveVersion = 1;
	classes = {
	};
	objectVersion = 50;
	objects = {

/* Begin PBXBuildFile section */
		8313356426E64BFF004979B5 /* AppDelegate.swift in Sources */ = {isa = PBXBuildFile; fileRef = 8313356326E64BFF004979B5 /* AppDelegate.swift */; };
		8313356626E64BFF004979B5 /* SceneDelegate.swift in Sources */ = {isa = PBXBuildFile; fileRef = 8313356526E64BFF004979B5 /* SceneDelegate.swift */; };
		8313356826E64BFF004979B5 /* ViewController.swift in Sources */ = {isa = PBXBuildFile; fileRef = 8313356726E64BFF004979B5 /* ViewController.swift */; };
		8313356B26E64BFF004979B5 /* Main.storyboard in Resources */ = {isa = PBXBuildFile; fileRef = 8313356926E64BFF004979B5 /* Main.storyboard */; };
		8313356D26E64BFF004979B5 /* Assets.xcassets in Resources */ = {isa = PBXBuildFile; fileRef = 8313356C26E64BFF004979B5 /* Assets.xcassets */; };
		8313357026E64BFF004979B5 /* LaunchScreen.storyboard in Resources */ = {isa = PBXBuildFile; fileRef = 8313356E26E64BFF004979B5 /* LaunchScreen.storyboard */; };
		8313357C26E64D99004979B5 /* Coordinator.swift in Sources */ = {isa = PBXBuildFile; fileRef = 8313357B26E64D99004979B5 /* Coordinator.swift */; };
		8313357E26E64E26004979B5 /* AppCoordinator.swift in Sources */ = {isa = PBXBuildFile; fileRef = 8313357D26E64E26004979B5 /* AppCoordinator.swift */; };
/* End PBXBuildFile section */

/* Begin PBXFileReference section */
		8313356026E64BFF004979B5 /* Market.app */ = {isa = PBXFileReference; explicitFileType = wrapper.application; includeInIndex = 0; path = Market.app; sourceTree = BUILT_PRODUCTS_DIR; };
		8313356326E64BFF004979B5 /* AppDelegate.swift */ = {isa = PBXFileReference; lastKnownFileType = sourcecode.swift; path = AppDelegate.swift; sourceTree = "<group>"; };
		8313356526E64BFF004979B5 /* SceneDelegate.swift */ = {isa = PBXFileReference; lastKnownFileType = sourcecode.swift; path = SceneDelegate.swift; sourceTree = "<group>"; wrapsLines = 1; };
		8313356726E64BFF004979B5 /* ViewController.swift */ = {isa = PBXFileReference; lastKnownFileType = sourcecode.swift; path = ViewController.swift; sourceTree = "<group>"; };
		8313356A26E64BFF004979B5 /* Base */ = {isa = PBXFileReference; lastKnownFileType = file.storyboard; name = Base; path = Base.lproj/Main.storyboard; sourceTree = "<group>"; };
		8313356C26E64BFF004979B5 /* Assets.xcassets */ = {isa = PBXFileReference; lastKnownFileType = folder.assetcatalog; path = Assets.xcassets; sourceTree = "<group>"; };
		8313356F26E64BFF004979B5 /* Base */ = {isa = PBXFileReference; lastKnownFileType = file.storyboard; name = Base; path = Base.lproj/LaunchScreen.storyboard; sourceTree = "<group>"; };
		8313357126E64BFF004979B5 /* Info.plist */ = {isa = PBXFileReference; lastKnownFileType = text.plist.xml; path = Info.plist; sourceTree = "<group>"; };
		8313357B26E64D99004979B5 /* Coordinator.swift */ = {isa = PBXFileReference; lastKnownFileType = sourcecode.swift; path = Coordinator.swift; sourceTree = "<group>"; };
		8313357D26E64E26004979B5 /* AppCoordinator.swift */ = {isa = PBXFileReference; lastKnownFileType = sourcecode.swift; path = AppCoordinator.swift; sourceTree = "<group>"; };
/* End PBXFileReference section */

/* Begin PBXFrameworksBuildPhase section */
		8313355D26E64BFF004979B5 /* Frameworks */ = {
			isa = PBXFrameworksBuildPhase;
			buildActionMask = 2147483647;
			files = (
			);
			runOnlyForDeploymentPostprocessing = 0;
		};
/* End PBXFrameworksBuildPhase section */

/* Begin PBXGroup section */
		8313355726E64BFF004979B5 = {
			isa = PBXGroup;
			children = (
				8313356226E64BFF004979B5 /* Market */,
				8313356126E64BFF004979B5 /* Products */,
			);
			sourceTree = "<group>";
		};
		8313356126E64BFF004979B5 /* Products */ = {
			isa = PBXGroup;
			children = (
				8313356026E64BFF004979B5 /* Market.app */,
			);
			name = Products;
			sourceTree = "<group>";
		};
		8313356226E64BFF004979B5 /* Market */ = {
			isa = PBXGroup;
			children = (
				8313357726E64D5D004979B5 /* UI */,
				8313356326E64BFF004979B5 /* AppDelegate.swift */,
				8313356526E64BFF004979B5 /* SceneDelegate.swift */,
				8313356726E64BFF004979B5 /* ViewController.swift */,
				8313356926E64BFF004979B5 /* Main.storyboard */,
				8313356C26E64BFF004979B5 /* Assets.xcassets */,
				8313356E26E64BFF004979B5 /* LaunchScreen.storyboard */,
				8313357126E64BFF004979B5 /* Info.plist */,
			);
			path = Market;
			sourceTree = "<group>";
		};
		8313357726E64D5D004979B5 /* UI */ = {
			isa = PBXGroup;
			children = (
				8313357826E64D6A004979B5 /* Coordinators */,
				8313357926E64D73004979B5 /* ViewControllers */,
				8313357A26E64D7C004979B5 /* Reusables */,
			);
			path = UI;
			sourceTree = "<group>";
		};
		8313357826E64D6A004979B5 /* Coordinators */ = {
			isa = PBXGroup;
			children = (
				8313357B26E64D99004979B5 /* Coordinator.swift */,
				8313357D26E64E26004979B5 /* AppCoordinator.swift */,
			);
			path = Coordinators;
			sourceTree = "<group>";
		};
		8313357926E64D73004979B5 /* ViewControllers */ = {
			isa = PBXGroup;
			children = (
			);
			path = ViewControllers;
			sourceTree = "<group>";
		};
		8313357A26E64D7C004979B5 /* Reusables */ = {
			isa = PBXGroup;
			children = (
			);
			path = Reusables;
			sourceTree = "<group>";
		};
/* End PBXGroup section */

/* Begin PBXNativeTarget section */
		8313355F26E64BFF004979B5 /* Market */ = {
			isa = PBXNativeTarget;
			buildConfigurationList = 8313357426E64BFF004979B5 /* Build configuration list for PBXNativeTarget "Market" */;
			buildPhases = (
				8313355C26E64BFF004979B5 /* Sources */,
				8313355D26E64BFF004979B5 /* Frameworks */,
				8313355E26E64BFF004979B5 /* Resources */,
			);
			buildRules = (
			);
			dependencies = (
			);
			name = Market;
			productName = Market;
			productReference = 8313356026E64BFF004979B5 /* Market.app */;
			productType = "com.apple.product-type.application";
		};
/* End PBXNativeTarget section */

/* Begin PBXProject section */
		8313355826E64BFF004979B5 /* Project object */ = {
			isa = PBXProject;
			attributes = {
				LastSwiftUpdateCheck = 1250;
				LastUpgradeCheck = 1250;
				TargetAttributes = {
					8313355F26E64BFF004979B5 = {
						CreatedOnToolsVersion = 12.5.1;
					};
				};
			};
			buildConfigurationList = 8313355B26E64BFF004979B5 /* Build configuration list for PBXProject "Market" */;
			compatibilityVersion = "Xcode 9.3";
			developmentRegion = en;
			hasScannedForEncodings = 0;
			knownRegions = (
				en,
				Base,
			);
			mainGroup = 8313355726E64BFF004979B5;
			productRefGroup = 8313356126E64BFF004979B5 /* Products */;
			projectDirPath = "";
			projectRoot = "";
			targets = (
				8313355F26E64BFF004979B5 /* Market */,
			);
		};
/* End PBXProject section */

/* Begin PBXResourcesBuildPhase section */
		8313355E26E64BFF004979B5 /* Resources */ = {
			isa = PBXResourcesBuildPhase;
			buildActionMask = 2147483647;
			files = (
				8313357026E64BFF004979B5 /* LaunchScreen.storyboard in Resources */,
				8313356D26E64BFF004979B5 /* Assets.xcassets in Resources */,
				8313356B26E64BFF004979B5 /* Main.storyboard in Resources */,
			);
			runOnlyForDeploymentPostprocessing = 0;
		};
/* End PBXResourcesBuildPhase section */

/* Begin PBXSourcesBuildPhase section */
		8313355C26E64BFF004979B5 /* Sources */ = {
			isa = PBXSourcesBuildPhase;
			buildActionMask = 2147483647;
			files = (
				8313357C26E64D99004979B5 /* Coordinator.swift in Sources */,
				8313356826E64BFF004979B5 /* ViewController.swift in Sources */,
				8313357E26E64E26004979B5 /* AppCoordinator.swift in Sources */,
				8313356426E64BFF004979B5 /* AppDelegate.swift in Sources */,
				8313356626E64BFF004979B5 /* SceneDelegate.swift in Sources */,
			);
			runOnlyForDeploymentPostprocessing = 0;
		};
/* End PBXSourcesBuildPhase section */

/* Begin PBXVariantGroup section */
		8313356926E64BFF004979B5 /* Main.storyboard */ = {
			isa = PBXVariantGroup;
			children = (
				8313356A26E64BFF004979B5 /* Base */,
			);
			name = Main.storyboard;
			sourceTree = "<group>";
		};
		8313356E26E64BFF004979B5 /* LaunchScreen.storyboard */ = {
			isa = PBXVariantGroup;
			children = (
				8313356F26E64BFF004979B5 /* Base */,
			);
			name = LaunchScreen.storyboard;
			sourceTree = "<group>";
		};
/* End PBXVariantGroup section */

/* Begin XCBuildConfiguration section */
		8313357226E64BFF004979B5 /* Debug */ = {
			isa = XCBuildConfiguration;
			buildSettings = {
				ALWAYS_SEARCH_USER_PATHS = NO;
				CLANG_ANALYZER_NONNULL = YES;
				CLANG_ANALYZER_NUMBER_OBJECT_CONVERSION = YES_AGGRESSIVE;
				CLANG_CXX_LANGUAGE_STANDARD = "gnu++14";
				CLANG_CXX_LIBRARY = "libc++";
				CLANG_ENABLE_MODULES = YES;
				CLANG_ENABLE_OBJC_ARC = YES;
				CLANG_ENABLE_OBJC_WEAK = YES;
				CLANG_WARN_BLOCK_CAPTURE_AUTORELEASING = YES;
				CLANG_WARN_BOOL_CONVERSION = YES;
				CLANG_WARN_COMMA = YES;
				CLANG_WARN_CONSTANT_CONVERSION = YES;
				CLANG_WARN_DEPRECATED_OBJC_IMPLEMENTATIONS = YES;
				CLANG_WARN_DIRECT_OBJC_ISA_USAGE = YES_ERROR;
				CLANG_WARN_DOCUMENTATION_COMMENTS = YES;
				CLANG_WARN_EMPTY_BODY = YES;
				CLANG_WARN_ENUM_CONVERSION = YES;
				CLANG_WARN_INFINITE_RECURSION = YES;
				CLANG_WARN_INT_CONVERSION = YES;
				CLANG_WARN_NON_LITERAL_NULL_CONVERSION = YES;
				CLANG_WARN_OBJC_IMPLICIT_RETAIN_SELF = YES;
				CLANG_WARN_OBJC_LITERAL_CONVERSION = YES;
				CLANG_WARN_OBJC_ROOT_CLASS = YES_ERROR;
				CLANG_WARN_QUOTED_INCLUDE_IN_FRAMEWORK_HEADER = YES;
				CLANG_WARN_RANGE_LOOP_ANALYSIS = YES;
				CLANG_WARN_STRICT_PROTOTYPES = YES;
				CLANG_WARN_SUSPICIOUS_MOVE = YES;
				CLANG_WARN_UNGUARDED_AVAILABILITY = YES_AGGRESSIVE;
				CLANG_WARN_UNREACHABLE_CODE = YES;
				CLANG_WARN__DUPLICATE_METHOD_MATCH = YES;
				COPY_PHASE_STRIP = NO;
				DEBUG_INFORMATION_FORMAT = dwarf;
				ENABLE_STRICT_OBJC_MSGSEND = YES;
				ENABLE_TESTABILITY = YES;
				GCC_C_LANGUAGE_STANDARD = gnu11;
				GCC_DYNAMIC_NO_PIC = NO;
				GCC_NO_COMMON_BLOCKS = YES;
				GCC_OPTIMIZATION_LEVEL = 0;
				GCC_PREPROCESSOR_DEFINITIONS = (
					"DEBUG=1",
					"$(inherited)",
				);
				GCC_WARN_64_TO_32_BIT_CONVERSION = YES;
				GCC_WARN_ABOUT_RETURN_TYPE = YES_ERROR;
				GCC_WARN_UNDECLARED_SELECTOR = YES;
				GCC_WARN_UNINITIALIZED_AUTOS = YES_AGGRESSIVE;
				GCC_WARN_UNUSED_FUNCTION = YES;
				GCC_WARN_UNUSED_VARIABLE = YES;
				IPHONEOS_DEPLOYMENT_TARGET = 14.5;
				MTL_ENABLE_DEBUG_INFO = INCLUDE_SOURCE;
				MTL_FAST_MATH = YES;
				ONLY_ACTIVE_ARCH = YES;
				SDKROOT = iphoneos;
				SWIFT_ACTIVE_COMPILATION_CONDITIONS = DEBUG;
				SWIFT_OPTIMIZATION_LEVEL = "-Onone";
			};
			name = Debug;
		};
		8313357326E64BFF004979B5 /* Release */ = {
			isa = XCBuildConfiguration;
			buildSettings = {
				ALWAYS_SEARCH_USER_PATHS = NO;
				CLANG_ANALYZER_NONNULL = YES;
				CLANG_ANALYZER_NUMBER_OBJECT_CONVERSION = YES_AGGRESSIVE;
				CLANG_CXX_LANGUAGE_STANDARD = "gnu++14";
				CLANG_CXX_LIBRARY = "libc++";
				CLANG_ENABLE_MODULES = YES;
				CLANG_ENABLE_OBJC_ARC = YES;
				CLANG_ENABLE_OBJC_WEAK = YES;
				CLANG_WARN_BLOCK_CAPTURE_AUTORELEASING = YES;
				CLANG_WARN_BOOL_CONVERSION = YES;
				CLANG_WARN_COMMA = YES;
				CLANG_WARN_CONSTANT_CONVERSION = YES;
				CLANG_WARN_DEPRECATED_OBJC_IMPLEMENTATIONS = YES;
				CLANG_WARN_DIRECT_OBJC_ISA_USAGE = YES_ERROR;
				CLANG_WARN_DOCUMENTATION_COMMENTS = YES;
				CLANG_WARN_EMPTY_BODY = YES;
				CLANG_WARN_ENUM_CONVERSION = YES;
				CLANG_WARN_INFINITE_RECURSION = YES;
				CLANG_WARN_INT_CONVERSION = YES;
				CLANG_WARN_NON_LITERAL_NULL_CONVERSION = YES;
				CLANG_WARN_OBJC_IMPLICIT_RETAIN_SELF = YES;
				CLANG_WARN_OBJC_LITERAL_CONVERSION = YES;
				CLANG_WARN_OBJC_ROOT_CLASS = YES_ERROR;
				CLANG_WARN_QUOTED_INCLUDE_IN_FRAMEWORK_HEADER = YES;
				CLANG_WARN_RANGE_LOOP_ANALYSIS = YES;
				CLANG_WARN_STRICT_PROTOTYPES = YES;
				CLANG_WARN_SUSPICIOUS_MOVE = YES;
				CLANG_WARN_UNGUARDED_AVAILABILITY = YES_AGGRESSIVE;
				CLANG_WARN_UNREACHABLE_CODE = YES;
				CLANG_WARN__DUPLICATE_METHOD_MATCH = YES;
				COPY_PHASE_STRIP = NO;
				DEBUG_INFORMATION_FORMAT = "dwarf-with-dsym";
				ENABLE_NS_ASSERTIONS = NO;
				ENABLE_STRICT_OBJC_MSGSEND = YES;
				GCC_C_LANGUAGE_STANDARD = gnu11;
				GCC_NO_COMMON_BLOCKS = YES;
				GCC_WARN_64_TO_32_BIT_CONVERSION = YES;
				GCC_WARN_ABOUT_RETURN_TYPE = YES_ERROR;
				GCC_WARN_UNDECLARED_SELECTOR = YES;
				GCC_WARN_UNINITIALIZED_AUTOS = YES_AGGRESSIVE;
				GCC_WARN_UNUSED_FUNCTION = YES;
				GCC_WARN_UNUSED_VARIABLE = YES;
				IPHONEOS_DEPLOYMENT_TARGET = 14.5;
				MTL_ENABLE_DEBUG_INFO = NO;
				MTL_FAST_MATH = YES;
				SDKROOT = iphoneos;
				SWIFT_COMPILATION_MODE = wholemodule;
				SWIFT_OPTIMIZATION_LEVEL = "-O";
				VALIDATE_PRODUCT = YES;
			};
			name = Release;
		};
		8313357526E64BFF004979B5 /* Debug */ = {
			isa = XCBuildConfiguration;
			buildSettings = {
				ASSETCATALOG_COMPILER_APPICON_NAME = AppIcon;
				ASSETCATALOG_COMPILER_GLOBAL_ACCENT_COLOR_NAME = AccentColor;
				CODE_SIGN_STYLE = Automatic;
				INFOPLIST_FILE = Market/Info.plist;
				LD_RUNPATH_SEARCH_PATHS = (
					"$(inherited)",
					"@executable_path/Frameworks",
				);
				PRODUCT_BUNDLE_IDENTIFIER = Krosdir.Market;
				PRODUCT_NAME = "$(TARGET_NAME)";
				SWIFT_VERSION = 5.0;
				TARGETED_DEVICE_FAMILY = "1,2";
			};
			name = Debug;
		};
		8313357626E64BFF004979B5 /* Release */ = {
			isa = XCBuildConfiguration;
			buildSettings = {
				ASSETCATALOG_COMPILER_APPICON_NAME = AppIcon;
				ASSETCATALOG_COMPILER_GLOBAL_ACCENT_COLOR_NAME = AccentColor;
				CODE_SIGN_STYLE = Automatic;
				INFOPLIST_FILE = Market/Info.plist;
				LD_RUNPATH_SEARCH_PATHS = (
					"$(inherited)",
					"@executable_path/Frameworks",
				);
				PRODUCT_BUNDLE_IDENTIFIER = Krosdir.Market;
				PRODUCT_NAME = "$(TARGET_NAME)";
				SWIFT_VERSION = 5.0;
				TARGETED_DEVICE_FAMILY = "1,2";
			};
			name = Release;
		};
/* End XCBuildConfiguration section */

/* Begin XCConfigurationList section */
		8313355B26E64BFF004979B5 /* Build configuration list for PBXProject "Market" */ = {
			isa = XCConfigurationList;
			buildConfigurations = (
				8313357226E64BFF004979B5 /* Debug */,
				8313357326E64BFF004979B5 /* Release */,
			);
			defaultConfigurationIsVisible = 0;
			defaultConfigurationName = Release;
		};
		8313357426E64BFF004979B5 /* Build configuration list for PBXNativeTarget "Market" */ = {
			isa = XCConfigurationList;
			buildConfigurations = (
				8313357526E64BFF004979B5 /* Debug */,
				8313357626E64BFF004979B5 /* Release */,
			);
			defaultConfigurationIsVisible = 0;
			defaultConfigurationName = Release;
		};
/* End XCConfigurationList section */
	};
	rootObject = 8313355826E64BFF004979B5 /* Project object */;
}
